
Microsoft Visual Studio Solution File, Format Version 12.00
# Visual Studio 2012
Project("{FAE04EC0-301F-11D3-BF4B-00C04F79EFBC}") = "Web", "Web\Web.csproj", "{3681A9A8-FC40-4125-B842-7775713C8DCE}"
EndProject
Project("{2150E333-8FDC-42A3-9474-1A3956D46DE8}") = "Solution Items", "Solution Items", "{580FEA61-E29C-4543-B7AB-D2D2F4999935}"
	ProjectSection(SolutionItems) = preProject
		history.txt = history.txt
	EndProjectSection
EndProject
Global
	GlobalSection(SolutionConfigurationPlatforms) = preSolution
		Debug|Any CPU = Debug|Any CPU
		Release|Any CPU = Release|Any CPU
	EndGlobalSection
	GlobalSection(ProjectConfigurationPlatforms) = postSolution
		{3681A9A8-FC40-4125-B842-7775713C8DCE}.Debug|Any CPU.ActiveCfg = Debug|Any CPU
		{3681A9A8-FC40-4125-B842-7775713C8DCE}.Debug|Any CPU.Build.0 = Debug|Any CPU
		{3681A9A8-FC40-4125-B842-7775713C8DCE}.Release|Any CPU.ActiveCfg = Release|Any CPU
		{3681A9A8-FC40-4125-B842-7775713C8DCE}.Release|Any CPU.Build.0 = Release|Any CPU
	EndGlobalSection
	GlobalSection(SolutionProperties) = preSolution
		HideSolutionNode = FALSE
	EndGlobalSection
EndGlobal
